Microsoft Visual Studio Solution File, Format Version 12.00
# Visual Studio 2013
VisualStudioVersion = 12.0.40629.0
MinimumVisualStudioVersion = 10.0.40219.1
Project("{FAE04EC0-301F-11D3-BF4B-00C04F79EFBC}") = "HolisticWare.UsbReader.XamarinAndroid", "HolisticWare.UsbReader.XamarinAndroid\HolisticWare.UsbReader.XamarinAndroid.csproj", "{EC99CB56-00D8-45E2-97EF-EC3AA5E89B64}"
EndProject
Project("{FAE04EC0-301F-11D3-BF4B-00C04F79EFBC}") = "Sample.HolisticWare.UsbReader.XamarinAndroid", "Sample.HolisticWare.UsbReader.XamarinAndroid\Sample.HolisticWare.UsbReader.XamarinAndroid.csproj", "{1745D818-19EC-432C-B073-D10386DCAB47}"
EndProject
Global
	GlobalSection(SolutionConfigurationPlatforms) = preSolution
		Debug|Any CPU = Debug|Any CPU
		Release|Any CPU = Release|Any CPU
	EndGlobalSection
	GlobalSection(ProjectConfigurationPlatforms) = postSolution
		{EC99CB56-00D8-45E2-97EF-EC3AA5E89B64}.Debug|Any CPU.ActiveCfg = Debug|Any CPU
		{EC99CB56-00D8-45E2-97EF-EC3AA5E89B64}.Debug|Any CPU.Build.0 = Debug|Any CPU
		{EC99CB56-00D8-45E2-97EF-EC3AA5E89B64}.Release|Any CPU.ActiveCfg = Release|Any CPU
		{EC99CB56-00D8-45E2-97EF-EC3AA5E89B64}.Release|Any CPU.Build.0 = Release|Any CPU
		{1745D818-19EC-432C-B073-D10386DCAB47}.Debug|Any CPU.ActiveCfg = Debug|Any CPU
		{1745D818-19EC-432C-B073-D10386DCAB47}.Debug|Any CPU.Build.0 = Debug|Any CPU
		{1745D818-19EC-432C-B073-D10386DCAB47}.Debug|Any CPU.Deploy.0 = Debug|Any CPU
		{1745D818-19EC-432C-B073-D10386DCAB47}.Release|Any CPU.ActiveCfg = Release|Any CPU
		{1745D818-19EC-432C-B073-D10386DCAB47}.Release|Any CPU.Build.0 = Release|Any CPU
		{1745D818-19EC-432C-B073-D10386DCAB47}.Release|Any CPU.Deploy.0 = Release|Any CPU
	EndGlobalSection
	GlobalSection(SolutionProperties) = preSolution
		HideSolutionNode = FALSE
	EndGlobalSection
EndGlobal
