Microsoft Visual Studio Solution File, Format Version 11.00
# Visual Studio 2010
Project("{FAE04EC0-301F-11D3-BF4B-00C04F79EFBC}") = "Sample.PrintingUSB", "Sample.PrintingUSB\Sample.PrintingUSB.csproj", "{EFB68950-1B0E-4B5C-8862-74B2ABAF7DEB}"
EndProject
Project("{FAE04EC0-301F-11D3-BF4B-00C04F79EFBC}") = "HolisticWare.Printing.Usb.XamarinAndroid", "HolisticWare.Printing.Usb.XamarinAndroid\HolisticWare.Printing.Usb.XamarinAndroid.csproj", "{3B28DADC-1BD0-4627-A0C3-D8BBC54549E6}"
EndProject
Global
	GlobalSection(SolutionConfigurationPlatforms) = preSolution
		Debug|Any CPU = Debug|Any CPU
		Release|Any CPU = Release|Any CPU
	EndGlobalSection
	GlobalSection(ProjectConfigurationPlatforms) = postSolution
		{EFB68950-1B0E-4B5C-8862-74B2ABAF7DEB}.Debug|Any CPU.ActiveCfg = Debug|Any CPU
		{EFB68950-1B0E-4B5C-8862-74B2ABAF7DEB}.Debug|Any CPU.Build.0 = Debug|Any CPU
		{EFB68950-1B0E-4B5C-8862-74B2ABAF7DEB}.Debug|Any CPU.Deploy.0 = Debug|Any CPU
		{EFB68950-1B0E-4B5C-8862-74B2ABAF7DEB}.Release|Any CPU.ActiveCfg = Release|Any CPU
		{EFB68950-1B0E-4B5C-8862-74B2ABAF7DEB}.Release|Any CPU.Build.0 = Release|Any CPU
		{EFB68950-1B0E-4B5C-8862-74B2ABAF7DEB}.Release|Any CPU.Deploy.0 = Release|Any CPU
		{3B28DADC-1BD0-4627-A0C3-D8BBC54549E6}.Debug|Any CPU.ActiveCfg = Debug|Any CPU
		{3B28DADC-1BD0-4627-A0C3-D8BBC54549E6}.Debug|Any CPU.Build.0 = Debug|Any CPU
		{3B28DADC-1BD0-4627-A0C3-D8BBC54549E6}.Release|Any CPU.ActiveCfg = Release|Any CPU
		{3B28DADC-1BD0-4627-A0C3-D8BBC54549E6}.Release|Any CPU.Build.0 = Release|Any CPU
	EndGlobalSection
	GlobalSection(SolutionProperties) = preSolution
		HideSolutionNode = FALSE
	EndGlobalSection
EndGlobal
